
Microsoft Visual Studio Solution File, Format Version 12.00
# Visual Studio Version 17
VisualStudioVersion = 17.7.34202.233
MinimumVisualStudioVersion = 10.0.40219.1
Project("{FAE04EC0-301F-11D3-BF4B-00C04F79EFBC}") = "Test01_Hello", "Test01_Hello.csproj", "{C860C3FE-383F-4457-B5F9-5FB3708AECE4}"
EndProject
Global
	GlobalSection(SolutionConfigurationPlatforms) = preSolution
		Debug|Any CPU = Debug|Any CPU
		Release|Any CPU = Release|Any CPU
	EndGlobalSection
	GlobalSection(ProjectConfigurationPlatforms) = postSolution
		{C860C3FE-383F-4457-B5F9-5FB3708AECE4}.Debug|Any CPU.ActiveCfg = Debug|Any CPU
		{C860C3FE-383F-4457-B5F9-5FB3708AECE4}.Debug|Any CPU.Build.0 = Debug|Any CPU
		{C860C3FE-383F-4457-B5F9-5FB3708AECE4}.Release|Any CPU.ActiveCfg = Release|Any CPU
		{C860C3FE-383F-4457-B5F9-5FB3708AECE4}.Release|Any CPU.Build.0 = Release|Any CPU
	EndGlobalSection
	GlobalSection(SolutionProperties) = preSolution
		HideSolutionNode = FALSE
	EndGlobalSection
	GlobalSection(ExtensibilityGlobals) = postSolution
		SolutionGuid = {63711BC5-A982-4572-997F-6B9FDAE1E41F}
	EndGlobalSection
EndGlobal
